
Microsoft Visual Studio Solution File, Format Version 12.00
# Visual Studio 14
VisualStudioVersion = 14.0.23107.0
MinimumVisualStudioVersion = 10.0.40219.1
Project("{FAE04EC0-301F-11D3-BF4B-00C04F79EFBC}") = "31. Postcodeloterij", "31. Postcodeloterij\31. Postcodeloterij.csproj", "{C031293F-B11F-4F6B-911A-8C2CDB30DFC6}"
EndProject
Global
	GlobalSection(SolutionConfigurationPlatforms) = preSolution
		Debug|Any CPU = Debug|Any CPU
		Release|Any CPU = Release|Any CPU
	EndGlobalSection
	GlobalSection(ProjectConfigurationPlatforms) = postSolution
		{C031293F-B11F-4F6B-911A-8C2CDB30DFC6}.Debug|Any CPU.ActiveCfg = Debug|Any CPU
		{C031293F-B11F-4F6B-911A-8C2CDB30DFC6}.Debug|Any CPU.Build.0 = Debug|Any CPU
		{C031293F-B11F-4F6B-911A-8C2CDB30DFC6}.Release|Any CPU.ActiveCfg = Release|Any CPU
		{C031293F-B11F-4F6B-911A-8C2CDB30DFC6}.Release|Any CPU.Build.0 = Release|Any CPU
	EndGlobalSection
	GlobalSection(SolutionProperties) = preSolution
		HideSolutionNode = FALSE
	EndGlobalSection
EndGlobal
