
Microsoft Visual Studio Solution File, Format Version 12.00
# Visual Studio 14
VisualStudioVersion = 14.0.23107.0
MinimumVisualStudioVersion = 10.0.40219.1
Project("{FAE04EC0-301F-11D3-BF4B-00C04F79EFBC}") = "32. Beoordeling 3", "32. Beoordeling 3\32. Beoordeling 3.csproj", "{A8AEA505-D567-4769-80F3-046AAFD23F42}"
EndProject
Global
	GlobalSection(SolutionConfigurationPlatforms) = preSolution
		Debug|Any CPU = Debug|Any CPU
		Release|Any CPU = Release|Any CPU
	EndGlobalSection
	GlobalSection(ProjectConfigurationPlatforms) = postSolution
		{A8AEA505-D567-4769-80F3-046AAFD23F42}.Debug|Any CPU.ActiveCfg = Debug|Any CPU
		{A8AEA505-D567-4769-80F3-046AAFD23F42}.Debug|Any CPU.Build.0 = Debug|Any CPU
		{A8AEA505-D567-4769-80F3-046AAFD23F42}.Release|Any CPU.ActiveCfg = Release|Any CPU
		{A8AEA505-D567-4769-80F3-046AAFD23F42}.Release|Any CPU.Build.0 = Release|Any CPU
	EndGlobalSection
	GlobalSection(SolutionProperties) = preSolution
		HideSolutionNode = FALSE
	EndGlobalSection
EndGlobal
